Microsoft Visual Studio Solution File, Format Version 12.00
# Visual Studio Version 17
VisualStudioVersion = 17.5.2.0
MinimumVisualStudioVersion = 10.0.40219.1
Project("{FAE04EC0-301F-11D3-BF4B-00C04F79EFBC}") = "SayasingAPr#2", "SayasingAPr#2.csproj", "{1E3238A8-4D0F-6423-8245-DA432868DAE0}"
EndProject
Global
	GlobalSection(SolutionConfigurationPlatforms) = preSolution
		Debug|Any CPU = Debug|Any CPU
		Release|Any CPU = Release|Any CPU
	EndGlobalSection
	GlobalSection(ProjectConfigurationPlatforms) = postSolution
		{1E3238A8-4D0F-6423-8245-DA432868DAE0}.Debug|Any CPU.ActiveCfg = Debug|Any CPU
		{1E3238A8-4D0F-6423-8245-DA432868DAE0}.Debug|Any CPU.Build.0 = Debug|Any CPU
		{1E3238A8-4D0F-6423-8245-DA432868DAE0}.Release|Any CPU.ActiveCfg = Release|Any CPU
		{1E3238A8-4D0F-6423-8245-DA432868DAE0}.Release|Any CPU.Build.0 = Release|Any CPU
	EndGlobalSection
	GlobalSection(SolutionProperties) = preSolution
		HideSolutionNode = FALSE
	EndGlobalSection
	GlobalSection(ExtensibilityGlobals) = postSolution
		SolutionGuid = {E2966C7C-1B34-4518-805E-185EFA2427EC}
	EndGlobalSection
EndGlobal
